
Microsoft Visual Studio Solution File, Format Version 12.00
# Visual Studio Version 16
VisualStudioVersion = 16.0.28705.295
MinimumVisualStudioVersion = 10.0.40219.1
Project("{FAE04EC0-301F-11D3-BF4B-00C04F79EFBC}") = "DevConSignalR", "DevConSignalR\DevConSignalR.csproj", "{77A1599F-CD94-442A-A4AE-D7D0767C303E}"
EndProject
Project("{FAE04EC0-301F-11D3-BF4B-00C04F79EFBC}") = "Vote.BAL", "Vote.BAL\Vote.BAL.csproj", "{1BB025C8-A72C-4E15-9295-41B0BD0B5920}"
EndProject
Project("{FAE04EC0-301F-11D3-BF4B-00C04F79EFBC}") = "Vote.DAL", "Vote.DAL\Vote.DAL.csproj", "{C233ADA1-6DE1-41B2-951C-8327D1B8E17B}"
EndProject
Project("{FAE04EC0-301F-11D3-BF4B-00C04F79EFBC}") = "Vote.Models", "Vote.Models\Vote.Models.csproj", "{79EB986D-D7EC-4288-89BA-28DCE303960A}"
EndProject
Global
	GlobalSection(SolutionConfigurationPlatforms) = preSolution
		Debug|Any CPU = Debug|Any CPU
		Release|Any CPU = Release|Any CPU
	EndGlobalSection
	GlobalSection(ProjectConfigurationPlatforms) = postSolution
		{77A1599F-CD94-442A-A4AE-D7D0767C303E}.Debug|Any CPU.ActiveCfg = Debug|Any CPU
		{77A1599F-CD94-442A-A4AE-D7D0767C303E}.Debug|Any CPU.Build.0 = Debug|Any CPU
		{77A1599F-CD94-442A-A4AE-D7D0767C303E}.Release|Any CPU.ActiveCfg = Release|Any CPU
		{77A1599F-CD94-442A-A4AE-D7D0767C303E}.Release|Any CPU.Build.0 = Release|Any CPU
		{1BB025C8-A72C-4E15-9295-41B0BD0B5920}.Debug|Any CPU.ActiveCfg = Debug|Any CPU
		{1BB025C8-A72C-4E15-9295-41B0BD0B5920}.Debug|Any CPU.Build.0 = Debug|Any CPU
		{1BB025C8-A72C-4E15-9295-41B0BD0B5920}.Release|Any CPU.ActiveCfg = Release|Any CPU
		{1BB025C8-A72C-4E15-9295-41B0BD0B5920}.Release|Any CPU.Build.0 = Release|Any CPU
		{C233ADA1-6DE1-41B2-951C-8327D1B8E17B}.Debug|Any CPU.ActiveCfg = Debug|Any CPU
		{C233ADA1-6DE1-41B2-951C-8327D1B8E17B}.Debug|Any CPU.Build.0 = Debug|Any CPU
		{C233ADA1-6DE1-41B2-951C-8327D1B8E17B}.Release|Any CPU.ActiveCfg = Release|Any CPU
		{C233ADA1-6DE1-41B2-951C-8327D1B8E17B}.Release|Any CPU.Build.0 = Release|Any CPU
		{79EB986D-D7EC-4288-89BA-28DCE303960A}.Debug|Any CPU.ActiveCfg = Debug|Any CPU
		{79EB986D-D7EC-4288-89BA-28DCE303960A}.Debug|Any CPU.Build.0 = Debug|Any CPU
		{79EB986D-D7EC-4288-89BA-28DCE303960A}.Release|Any CPU.ActiveCfg = Release|Any CPU
		{79EB986D-D7EC-4288-89BA-28DCE303960A}.Release|Any CPU.Build.0 = Release|Any CPU
	EndGlobalSection
	GlobalSection(SolutionProperties) = preSolution
		HideSolutionNode = FALSE
	EndGlobalSection
	GlobalSection(ExtensibilityGlobals) = postSolution
		SolutionGuid = {E95FFDD0-E224-424F-9B21-275CBC2D183D}
	EndGlobalSection
EndGlobal
